
Microsoft Visual Studio Solution File, Format Version 12.00
# Visual Studio 15
VisualStudioVersion = 15.0.28306.52
MinimumVisualStudioVersion = 10.0.40219.1
Project("{FAE04EC0-301F-11D3-BF4B-00C04F79EFBC}") = "Puresharp", "Puresharp\Puresharp.csproj", "{3A912F4E-3D7F-4AD2-89FB-B552C9609921}"
EndProject
Project("{FAE04EC0-301F-11D3-BF4B-00C04F79EFBC}") = "IPuresharp", "IPuresharp\IPuresharp.csproj", "{0E88BE3D-1F7C-4968-AC14-2BAEE0E02984}"
EndProject
Project("{FAE04EC0-301F-11D3-BF4B-00C04F79EFBC}") = "Puresharp.Debugger", "Puresharp.Debugger\Puresharp.Debugger.csproj", "{221E3D7B-15CF-4961-A547-3189AF946AE7}"
EndProject
Global
	GlobalSection(SolutionConfigurationPlatforms) = preSolution
		Debug|Any CPU = Debug|Any CPU
		Release|Any CPU = Release|Any CPU
	EndGlobalSection
	GlobalSection(ProjectConfigurationPlatforms) = postSolution
		{3A912F4E-3D7F-4AD2-89FB-B552C9609921}.Debug|Any CPU.ActiveCfg = Debug|Any CPU
		{3A912F4E-3D7F-4AD2-89FB-B552C9609921}.Debug|Any CPU.Build.0 = Debug|Any CPU
		{3A912F4E-3D7F-4AD2-89FB-B552C9609921}.Release|Any CPU.ActiveCfg = Release|Any CPU
		{3A912F4E-3D7F-4AD2-89FB-B552C9609921}.Release|Any CPU.Build.0 = Release|Any CPU
		{0E88BE3D-1F7C-4968-AC14-2BAEE0E02984}.Debug|Any CPU.ActiveCfg = Debug|Any CPU
		{0E88BE3D-1F7C-4968-AC14-2BAEE0E02984}.Debug|Any CPU.Build.0 = Debug|Any CPU
		{0E88BE3D-1F7C-4968-AC14-2BAEE0E02984}.Release|Any CPU.ActiveCfg = Release|Any CPU
		{0E88BE3D-1F7C-4968-AC14-2BAEE0E02984}.Release|Any CPU.Build.0 = Release|Any CPU
		{221E3D7B-15CF-4961-A547-3189AF946AE7}.Debug|Any CPU.ActiveCfg = Debug|Any CPU
		{221E3D7B-15CF-4961-A547-3189AF946AE7}.Debug|Any CPU.Build.0 = Debug|Any CPU
		{221E3D7B-15CF-4961-A547-3189AF946AE7}.Release|Any CPU.ActiveCfg = Release|Any CPU
		{221E3D7B-15CF-4961-A547-3189AF946AE7}.Release|Any CPU.Build.0 = Release|Any CPU
	EndGlobalSection
	GlobalSection(SolutionProperties) = preSolution
		HideSolutionNode = FALSE
	EndGlobalSection
	GlobalSection(ExtensibilityGlobals) = postSolution
		SolutionGuid = {709DBD8B-0718-4093-83BB-C2CDDE6F5C51}
	EndGlobalSection
EndGlobal
